
Microsoft Visual Studio Solution File, Format Version 12.00
# Visual Studio 15
VisualStudioVersion = 15.0.28307.329
MinimumVisualStudioVersion = 10.0.40219.1
Project("{FAE04EC0-301F-11D3-BF4B-00C04F79EFBC}") = "HashTable", "HashTable\HashTable.csproj", "{A9F0F232-910B-41A8-A1D2-298F5AC87278}"
EndProject
Global
	GlobalSection(SolutionConfigurationPlatforms) = preSolution
		Debug|Any CPU = Debug|Any CPU
		Release|Any CPU = Release|Any CPU
	EndGlobalSection
	GlobalSection(ProjectConfigurationPlatforms) = postSolution
		{A9F0F232-910B-41A8-A1D2-298F5AC87278}.Debug|Any CPU.ActiveCfg = Debug|Any CPU
		{A9F0F232-910B-41A8-A1D2-298F5AC87278}.Debug|Any CPU.Build.0 = Debug|Any CPU
		{A9F0F232-910B-41A8-A1D2-298F5AC87278}.Release|Any CPU.ActiveCfg = Release|Any CPU
		{A9F0F232-910B-41A8-A1D2-298F5AC87278}.Release|Any CPU.Build.0 = Release|Any CPU
	EndGlobalSection
	GlobalSection(SolutionProperties) = preSolution
		HideSolutionNode = FALSE
	EndGlobalSection
	GlobalSection(ExtensibilityGlobals) = postSolution
		SolutionGuid = {7253F5F2-69E6-432A-B42C-EB8AE6CB6A6C}
	EndGlobalSection
EndGlobal
